
Microsoft Visual Studio Solution File, Format Version 12.00
# Visual Studio Version 17
VisualStudioVersion = 17.8.34330.188
MinimumVisualStudioVersion = 10.0.40219.1
Project("{9A19103F-16F7-4668-BE54-9A1E7A4F7556}") = "WeatherGeocoding.API", "WeatherGeoCoding\WeatherGeocoding.API.csproj", "{3301DB7E-1A2D-47E8-A3E4-268C1EE208A3}"
EndProject
Project("{9A19103F-16F7-4668-BE54-9A1E7A4F7556}") = "WeatherGeocoding.Domain", "WeatherGeocodingLibrary\WeatherGeocoding.Domain.csproj", "{BCA8E87C-5EA6-4D4D-A857-9AE6D3ED3D3C}"
EndProject
Project("{2150E333-8FDC-42A3-9474-1A3956D46DE8}") = "src", "src", "{F12E10AD-9FFA-4F5B-A4C3-8C33CC9F80A6}"
EndProject
Project("{2150E333-8FDC-42A3-9474-1A3956D46DE8}") = "01 - Aplication", "01 - Aplication", "{54100653-E35C-4D96-846F-8E5C5843433D}"
EndProject
Project("{2150E333-8FDC-42A3-9474-1A3956D46DE8}") = "02 - Domain", "02 - Domain", "{4D6C00D9-0E0E-4019-8F27-7C191CD767FE}"
EndProject
Project("{E53339B2-1760-4266-BCC7-CA923CBCF16C}") = "docker-compose", "docker-compose.dcproj", "{C9C9211C-F652-47DC-A030-940E2E2A351D}"
EndProject
Global
	GlobalSection(SolutionConfigurationPlatforms) = preSolution
		Debug|Any CPU = Debug|Any CPU
		Release|Any CPU = Release|Any CPU
	EndGlobalSection
	GlobalSection(ProjectConfigurationPlatforms) = postSolution
		{3301DB7E-1A2D-47E8-A3E4-268C1EE208A3}.Debug|Any CPU.ActiveCfg = Debug|Any CPU
		{3301DB7E-1A2D-47E8-A3E4-268C1EE208A3}.Debug|Any CPU.Build.0 = Debug|Any CPU
		{3301DB7E-1A2D-47E8-A3E4-268C1EE208A3}.Release|Any CPU.ActiveCfg = Release|Any CPU
		{3301DB7E-1A2D-47E8-A3E4-268C1EE208A3}.Release|Any CPU.Build.0 = Release|Any CPU
		{BCA8E87C-5EA6-4D4D-A857-9AE6D3ED3D3C}.Debug|Any CPU.ActiveCfg = Debug|Any CPU
		{BCA8E87C-5EA6-4D4D-A857-9AE6D3ED3D3C}.Debug|Any CPU.Build.0 = Debug|Any CPU
		{BCA8E87C-5EA6-4D4D-A857-9AE6D3ED3D3C}.Release|Any CPU.ActiveCfg = Release|Any CPU
		{BCA8E87C-5EA6-4D4D-A857-9AE6D3ED3D3C}.Release|Any CPU.Build.0 = Release|Any CPU
		{C9C9211C-F652-47DC-A030-940E2E2A351D}.Debug|Any CPU.ActiveCfg = Debug|Any CPU
		{C9C9211C-F652-47DC-A030-940E2E2A351D}.Debug|Any CPU.Build.0 = Debug|Any CPU
		{C9C9211C-F652-47DC-A030-940E2E2A351D}.Release|Any CPU.ActiveCfg = Release|Any CPU
		{C9C9211C-F652-47DC-A030-940E2E2A351D}.Release|Any CPU.Build.0 = Release|Any CPU
	EndGlobalSection
	GlobalSection(SolutionProperties) = preSolution
		HideSolutionNode = FALSE
	EndGlobalSection
	GlobalSection(NestedProjects) = preSolution
		{3301DB7E-1A2D-47E8-A3E4-268C1EE208A3} = {54100653-E35C-4D96-846F-8E5C5843433D}
		{BCA8E87C-5EA6-4D4D-A857-9AE6D3ED3D3C} = {4D6C00D9-0E0E-4019-8F27-7C191CD767FE}
		{54100653-E35C-4D96-846F-8E5C5843433D} = {F12E10AD-9FFA-4F5B-A4C3-8C33CC9F80A6}
		{4D6C00D9-0E0E-4019-8F27-7C191CD767FE} = {F12E10AD-9FFA-4F5B-A4C3-8C33CC9F80A6}
	EndGlobalSection
	GlobalSection(ExtensibilityGlobals) = postSolution
		SolutionGuid = {4B450A2B-12C5-403D-9263-777322A1D96D}
	EndGlobalSection
EndGlobal
